
Microsoft Visual Studio Solution File, Format Version 12.00
# Visual Studio Version 16
VisualStudioVersion = 16.0.29409.12
MinimumVisualStudioVersion = 10.0.40219.1
Project("{FAE04EC0-301F-11D3-BF4B-00C04F79EFBC}") = "ECTestWebAPI", "ECTestWebAPI.csproj", "{AFA10507-614C-4111-98D8-9766E784FEA3}"
EndProject
Global
	GlobalSection(SolutionConfigurationPlatforms) = preSolution
		Debug|Any CPU = Debug|Any CPU
		Release|Any CPU = Release|Any CPU
	EndGlobalSection
	GlobalSection(ProjectConfigurationPlatforms) = postSolution
		{AFA10507-614C-4111-98D8-9766E784FEA3}.Debug|Any CPU.ActiveCfg = Debug|Any CPU
		{AFA10507-614C-4111-98D8-9766E784FEA3}.Debug|Any CPU.Build.0 = Debug|Any CPU
		{AFA10507-614C-4111-98D8-9766E784FEA3}.Release|Any CPU.ActiveCfg = Release|Any CPU
		{AFA10507-614C-4111-98D8-9766E784FEA3}.Release|Any CPU.Build.0 = Release|Any CPU
	EndGlobalSection
	GlobalSection(SolutionProperties) = preSolution
		HideSolutionNode = FALSE
	EndGlobalSection
	GlobalSection(ExtensibilityGlobals) = postSolution
		SolutionGuid = {060F6573-E205-4ABC-ABA2-649C1A36C1DA}
	EndGlobalSection
EndGlobal
